
Microsoft Visual Studio Solution File, Format Version 12.00
# Visual Studio Version 17
VisualStudioVersion = 17.10.34928.147
MinimumVisualStudioVersion = 10.0.40219.1
Project("{FAE04EC0-301F-11D3-BF4B-00C04F79EFBC}") = "ReactApp.Server", "ReactApp.Server\ReactApp.Server.csproj", "{25D531C1-E4A6-46D7-9C90-6D36FAB1D319}"
EndProject
Project("{54A90642-561A-4BB1-A94E-469ADEE60C69}") = "reactapp.client", "reactapp.client\reactapp.client.esproj", "{0EB99D66-541C-4384-B5CC-432BCA94F04F}"
EndProject
Global
	GlobalSection(SolutionConfigurationPlatforms) = preSolution
		Debug|Any CPU = Debug|Any CPU
		Release|Any CPU = Release|Any CPU
	EndGlobalSection
	GlobalSection(ProjectConfigurationPlatforms) = postSolution
		{25D531C1-E4A6-46D7-9C90-6D36FAB1D319}.Debug|Any CPU.ActiveCfg = Debug|Any CPU
		{25D531C1-E4A6-46D7-9C90-6D36FAB1D319}.Debug|Any CPU.Build.0 = Debug|Any CPU
		{25D531C1-E4A6-46D7-9C90-6D36FAB1D319}.Release|Any CPU.ActiveCfg = Release|Any CPU
		{25D531C1-E4A6-46D7-9C90-6D36FAB1D319}.Release|Any CPU.Build.0 = Release|Any CPU
		{0EB99D66-541C-4384-B5CC-432BCA94F04F}.Debug|Any CPU.ActiveCfg = Debug|Any CPU
		{0EB99D66-541C-4384-B5CC-432BCA94F04F}.Debug|Any CPU.Build.0 = Debug|Any CPU
		{0EB99D66-541C-4384-B5CC-432BCA94F04F}.Debug|Any CPU.Deploy.0 = Debug|Any CPU
		{0EB99D66-541C-4384-B5CC-432BCA94F04F}.Release|Any CPU.ActiveCfg = Release|Any CPU
		{0EB99D66-541C-4384-B5CC-432BCA94F04F}.Release|Any CPU.Build.0 = Release|Any CPU
		{0EB99D66-541C-4384-B5CC-432BCA94F04F}.Release|Any CPU.Deploy.0 = Release|Any CPU
	EndGlobalSection
	GlobalSection(SolutionProperties) = preSolution
		HideSolutionNode = FALSE
	EndGlobalSection
	GlobalSection(ExtensibilityGlobals) = postSolution
		SolutionGuid = {23B6A758-958D-40F5-9427-908F9D888CEE}
	EndGlobalSection
EndGlobal
